<?xml version="1.0" encoding="utf-8"?>
<Project ToolsVersion="4.0" xmlns="http://schemas.microsoft.com/developer/msbuild/2003">
  <ItemGroup>
    <Filter Include="Source Files">
      <UniqueIdentifier>{4FC737F1-C7A5-4376-A066-2A32D752A2FF}</UniqueIdentifier>
      <Extensions>cpp;c;cc;cxx;def;odl;idl;hpj;bat;asm;asmx</Extensions>
    </Filter>
    <Filter Include="Header Files">
      <UniqueIdentifier>{93995380-89BD-4b04-88EB-625FBE52EBFB}</UniqueIdentifier>
      <Extensions>h;hh;hpp;hxx;hm;inl;inc;ipp;xsd</Extensions>
    </Filter>
    <Filter Include="Resource Files">
      <UniqueIdentifier>{67DA6AB6-F800-4c08-8B7A-83BB121AAD01}</UniqueIdentifier>
      <Extensions>rc;ico;cur;bmp;dlg;rc2;rct;bin;rgs;gif;jpg;jpeg;jpe;resx;tiff;tif;png;wav;mfcribbon-ms</Extensions>
    </Filter>
    <Filter Include="Source Files\GameBits">
      <UniqueIdentifier>{1a17be39-99cb-430e-8171-72766c952bbb}</UniqueIdentifier>
    </Filter>
    <Filter Include="Source Files\SuperClasses">
      <UniqueIdentifier>{ec1724ec-e1d1-4da2-9b4f-cd7cdf9d28c4}</UniqueIdentifier>
    </Filter>
    <Filter Include="Header Files\Gamebits">
      <UniqueIdentifier>{8fd422c5-d982-48fd-8868-6843327cae0f}</UniqueIdentifier>
    </Filter>
    <Filter Include="Header Files\SuperClasses">
      <UniqueIdentifier>{d12dfcbe-73de-44ae-8e45-5d72c1c84183}</UniqueIdentifier>
    </Filter>
    <Filter Include="Header Files\DishSubclasses">
      <UniqueIdentifier>{4dff3cf8-753e-4f0b-80db-7dd29d71cb86}</UniqueIdentifier>
    </Filter>
    <Filter Include="Source Files\DishSubclasses">
      <UniqueIdentifier>{4cd49bf3-79a0-4d78-a97d-fb5ddb8f89b7}</UniqueIdentifier>
    </Filter>
  </ItemGroup>
  <ItemGroup>
    <ClInclude Include="pch.h">
      <Filter>Header Files</Filter>
    </ClInclude>
    <ClInclude Include="Player.h">
      <Filter>Header Files</Filter>
    </ClInclude>
    <ClInclude Include="Enemy.h">
      <Filter>Header Files\SuperClasses</Filter>
    </ClInclude>
    <ClInclude Include="eAI.h">
      <Filter>Header Files\SuperClasses</Filter>
    </ClInclude>
    <ClInclude Include="Array.hpp">
      <Filter>Header Files\Gamebits</Filter>
    </ClInclude>
    <ClInclude Include="Object.h">
      <Filter>Header Files\SuperClasses</Filter>
    </ClInclude>
  </ItemGroup>
  <ItemGroup>
    <ClCompile Include="pch.cpp">
      <Filter>Source Files</Filter>
    </ClCompile>
    <ClCompile Include="Player.cpp">
      <Filter>Source Files</Filter>
    </ClCompile>
    <ClCompile Include="Object.cpp">
      <Filter>Source Files\SuperClasses</Filter>
    </ClCompile>
    <ClCompile Include="Enemy.cpp">
      <Filter>Source Files\SuperClasses</Filter>
    </ClCompile>
    <ClCompile Include="eAI.cpp">
      <Filter>Source Files\SuperClasses</Filter>
    </ClCompile>
    <ClCompile Include="DishWasherSim.cpp">
      <Filter>Source Files\GameBits</Filter>
    </ClCompile>
  </ItemGroup>
  <ItemGroup>
    <Library Include="D:\Libraries\PDCurses-4.1.0\PDCurses-4.1.0\pdcurses.lib">
      <Filter>Resource Files</Filter>
    </Library>
  </ItemGroup>
</Project>